{
  "name": "FixRD-Bootcamp-Final-Project",
  "lockfileVersion": 3,
  "requires": true,
  "packages": {
    "": {
      "dependencies": {
        "@bootcamp/core": "^1.0.0"
      }
    },
    "node_modules/@bootcamp/core": {
      "version": "1.0.0",
      "resolved": "http://localhost:4873/@bootcamp/core/-/core-1.0.0.tgz",
      "integrity": "sha512-ddkFyfcRdNwTQLHzMA8Ul3oRsbknc+eoDpWvF0QYhuY98Bp5AljetcTnqXpF4l4QMGTGVo1Oz5g1qSbxWQFjjg==",
      "license": "MIT"
    }
  }
}
